
Microsoft Visual Studio Solution File, Format Version 12.00
# Visual Studio Version 16
VisualStudioVersion = 16.0.31424.327
MinimumVisualStudioVersion = 10.0.40219.1
Project("{9A19103F-16F7-4668-BE54-9A1E7A4F7556}") = "Mitsuba2SeeSharp", "Mitsuba2SeeSharp\Mitsuba2SeeSharp.csproj", "{5B070F37-326E-4BC9-913A-1F96BF5A2277}"
EndProject
Project("{FAE04EC0-301F-11D3-BF4B-00C04F79EFBC}") = "Mitsuba2SeeSharp.Tests", "Mitsuba2SeeSharp.Tests\Mitsuba2SeeSharp.Tests.csproj", "{5A45289D-1DE4-46AB-AB0A-57C195BF73E1}"
EndProject
Global
	GlobalSection(SolutionConfigurationPlatforms) = preSolution
		Debug|Any CPU = Debug|Any CPU
		Release|Any CPU = Release|Any CPU
	EndGlobalSection
	GlobalSection(ProjectConfigurationPlatforms) = postSolution
		{5B070F37-326E-4BC9-913A-1F96BF5A2277}.Debug|Any CPU.ActiveCfg = Debug|Any CPU
		{5B070F37-326E-4BC9-913A-1F96BF5A2277}.Debug|Any CPU.Build.0 = Debug|Any CPU
		{5B070F37-326E-4BC9-913A-1F96BF5A2277}.Release|Any CPU.ActiveCfg = Release|Any CPU
		{5B070F37-326E-4BC9-913A-1F96BF5A2277}.Release|Any CPU.Build.0 = Release|Any CPU
		{5A45289D-1DE4-46AB-AB0A-57C195BF73E1}.Debug|Any CPU.ActiveCfg = Debug|Any CPU
		{5A45289D-1DE4-46AB-AB0A-57C195BF73E1}.Debug|Any CPU.Build.0 = Debug|Any CPU
		{5A45289D-1DE4-46AB-AB0A-57C195BF73E1}.Release|Any CPU.ActiveCfg = Release|Any CPU
		{5A45289D-1DE4-46AB-AB0A-57C195BF73E1}.Release|Any CPU.Build.0 = Release|Any CPU
	EndGlobalSection
	GlobalSection(SolutionProperties) = preSolution
		HideSolutionNode = FALSE
	EndGlobalSection
	GlobalSection(ExtensibilityGlobals) = postSolution
		SolutionGuid = {898AF276-5569-415E-A4E9-D36A5F527433}
	EndGlobalSection
EndGlobal
